
Microsoft Visual Studio Solution File, Format Version 12.00
Project("{FAE04EC0-301F-11D3-BF4B-00C04F79EFBC}") = "EqualStacks", "EqualStacks.csproj", "{BE6F34C5-A899-4DC7-BFD1-915F5564D529}"
EndProject
Global
	GlobalSection(SolutionConfigurationPlatforms) = preSolution
		Debug|Any CPU = Debug|Any CPU
		Release|Any CPU = Release|Any CPU
	EndGlobalSection
	GlobalSection(ProjectConfigurationPlatforms) = postSolution
		{BE6F34C5-A899-4DC7-BFD1-915F5564D529}.Debug|Any CPU.ActiveCfg = Debug|Any CPU
		{BE6F34C5-A899-4DC7-BFD1-915F5564D529}.Debug|Any CPU.Build.0 = Debug|Any CPU
		{BE6F34C5-A899-4DC7-BFD1-915F5564D529}.Release|Any CPU.ActiveCfg = Release|Any CPU
		{BE6F34C5-A899-4DC7-BFD1-915F5564D529}.Release|Any CPU.Build.0 = Release|Any CPU
	EndGlobalSection
EndGlobal
